
Microsoft Visual Studio Solution File, Format Version 12.00
# Visual Studio Version 17
VisualStudioVersion = 17.14.35821.62
MinimumVisualStudioVersion = 10.0.40219.1
Project("{FAE04EC0-301F-11D3-BF4B-00C04F79EFBC}") = "MyTelU Launcher", "MyTelU Launcher\MyTelU Launcher.csproj", "{14669AFF-7127-23CE-A10D-C346E5419E7E}"
EndProject
Project("{FAE04EC0-301F-11D3-BF4B-00C04F79EFBC}") = "MyTelU Launcher.Core", "MyTelU Launcher.Core\MyTelU Launcher.Core.csproj", "{C6E2385F-01A8-C06D-E222-3F13B9614229}"
EndProject
Global
	GlobalSection(SolutionConfigurationPlatforms) = preSolution
		Debug|ARM64 = Debug|ARM64
		Debug|x64 = Debug|x64
		Release|ARM64 = Release|ARM64
		Release|x64 = Release|x64
	EndGlobalSection
	GlobalSection(ProjectConfigurationPlatforms) = postSolution
		{14669AFF-7127-23CE-A10D-C346E5419E7E}.Debug|ARM64.ActiveCfg = Debug|ARM64
		{14669AFF-7127-23CE-A10D-C346E5419E7E}.Debug|ARM64.Build.0 = Debug|ARM64
		{14669AFF-7127-23CE-A10D-C346E5419E7E}.Debug|x64.ActiveCfg = Debug|x64
		{14669AFF-7127-23CE-A10D-C346E5419E7E}.Debug|x64.Build.0 = Debug|x64
		{14669AFF-7127-23CE-A10D-C346E5419E7E}.Debug|x64.Deploy.0 = Debug|x64
		{14669AFF-7127-23CE-A10D-C346E5419E7E}.Release|ARM64.ActiveCfg = Release|ARM64
		{14669AFF-7127-23CE-A10D-C346E5419E7E}.Release|ARM64.Build.0 = Release|ARM64
		{14669AFF-7127-23CE-A10D-C346E5419E7E}.Release|x64.ActiveCfg = Release|x64
		{14669AFF-7127-23CE-A10D-C346E5419E7E}.Release|x64.Build.0 = Release|x64
		{14669AFF-7127-23CE-A10D-C346E5419E7E}.Release|x64.Deploy.0 = Release|x64
		{C6E2385F-01A8-C06D-E222-3F13B9614229}.Debug|ARM64.ActiveCfg = Debug|x64
		{C6E2385F-01A8-C06D-E222-3F13B9614229}.Debug|ARM64.Build.0 = Debug|x64
		{C6E2385F-01A8-C06D-E222-3F13B9614229}.Debug|x64.ActiveCfg = Debug|x64
		{C6E2385F-01A8-C06D-E222-3F13B9614229}.Debug|x64.Build.0 = Debug|x64
		{C6E2385F-01A8-C06D-E222-3F13B9614229}.Release|ARM64.ActiveCfg = Release|x64
		{C6E2385F-01A8-C06D-E222-3F13B9614229}.Release|ARM64.Build.0 = Release|x64
		{C6E2385F-01A8-C06D-E222-3F13B9614229}.Release|x64.ActiveCfg = Release|x64
		{C6E2385F-01A8-C06D-E222-3F13B9614229}.Release|x64.Build.0 = Release|x64
	EndGlobalSection
	GlobalSection(SolutionProperties) = preSolution
		HideSolutionNode = FALSE
	EndGlobalSection
	GlobalSection(ExtensibilityGlobals) = postSolution
		SolutionGuid = {EDBE15B8-4DCD-4B27-96D3-13BEC457D274}
	EndGlobalSection
EndGlobal
