{
  "version": 2,
  "dependencies": {
    "net9.0-windows10.0.26100": {
      "Microsoft.NET.ILLink.Tasks": {
        "type": "Direct",
        "requested": "[9.0.13, )",
        "resolved": "9.0.13",
        "contentHash": "f7t15I9ZXV7fNk3FIzPAlkJNG1A1tkSeDpRh+TFWEToGGqA+uj6uqU15I8YOkkYICNY2tqOVm2CMe6ScPFPwEg=="
      },
      "System.Drawing.Common": {
        "type": "Direct",
        "requested": "[10.0.3, )",
        "resolved": "10.0.3",
        "contentHash": "bJlT89G7EqMpiLCvIPmb7BHpcSxjVeFsahRyQk3/mrUt5YgHKiFcEv88db97gKcpRn5opxfBwI0ohUmJlxuGJg==",
        "dependencies": {
          "Microsoft.Win32.SystemEvents": "10.0.3"
        }
      },
      "Microsoft.Win32.SystemEvents": {
        "type": "Transitive",
        "resolved": "10.0.3",
        "contentHash": "gYpwz5Gl0rs9pEFHBKctLbSi7SUGR4L1uRjXkU488nizWd2hvo2JP2+ATUsv0th7v6LDiXfdlUsnTbvC2MauFA=="
      }
    }
  }
}